
Microsoft Visual Studio Solution File, Format Version 12.00
# Visual Studio Version 17
VisualStudioVersion = 17.11.35327.3
MinimumVisualStudioVersion = 10.0.40219.1
Project("{FAE04EC0-301F-11D3-BF4B-00C04F79EFBC}") = "RhinoM8", "RhinoM8.csproj", "{134FAA91-D3F2-4E8F-94BB-385A69FE728C}"
EndProject
Global
	GlobalSection(SolutionConfigurationPlatforms) = preSolution
		Debug|Any CPU = Debug|Any CPU
		Release|Any CPU = Release|Any CPU
	EndGlobalSection
	GlobalSection(ProjectConfigurationPlatforms) = postSolution
		{134FAA91-D3F2-4E8F-94BB-385A69FE728C}.Debug|Any CPU.ActiveCfg = Debug|Any CPU
		{134FAA91-D3F2-4E8F-94BB-385A69FE728C}.Debug|Any CPU.Build.0 = Debug|Any CPU
		{134FAA91-D3F2-4E8F-94BB-385A69FE728C}.Release|Any CPU.ActiveCfg = Release|Any CPU
		{134FAA91-D3F2-4E8F-94BB-385A69FE728C}.Release|Any CPU.Build.0 = Release|Any CPU
	EndGlobalSection
	GlobalSection(SolutionProperties) = preSolution
		HideSolutionNode = FALSE
	EndGlobalSection
	GlobalSection(ExtensibilityGlobals) = postSolution
		SolutionGuid = {8C25383C-3030-4392-8E09-53D5F91F813C}
	EndGlobalSection
EndGlobal
